
Microsoft Visual Studio Solution File, Format Version 12.00
# Visual Studio Version 17
VisualStudioVersion = 17.8.34309.116
MinimumVisualStudioVersion = 10.0.40219.1
Project("{FAE04EC0-301F-11D3-BF4B-00C04F79EFBC}") = "OrderFlow.Shared", "OrderFlow.Shared\OrderFlow.Shared.csproj", "{8B25CA13-5AB8-49CA-B575-0E79F12106B2}"
EndProject
Project("{FAE04EC0-301F-11D3-BF4B-00C04F79EFBC}") = "OrderFlow.API", "OrderFlow.API\OrderFlow.API.csproj", "{7B31E155-CF3E-4CED-8ED9-4A38C445BC52}"
EndProject
Project("{FAE04EC0-301F-11D3-BF4B-00C04F79EFBC}") = "OrderFlow.WEB", "OrderFlow.WEB\OrderFlow.WEB.csproj", "{8904277A-35DF-4A2F-8410-A7824CCED7B0}"
EndProject
Global
	GlobalSection(SolutionConfigurationPlatforms) = preSolution
		Debug|Any CPU = Debug|Any CPU
		Release|Any CPU = Release|Any CPU
	EndGlobalSection
	GlobalSection(ProjectConfigurationPlatforms) = postSolution
		{8B25CA13-5AB8-49CA-B575-0E79F12106B2}.Debug|Any CPU.ActiveCfg = Debug|Any CPU
		{8B25CA13-5AB8-49CA-B575-0E79F12106B2}.Debug|Any CPU.Build.0 = Debug|Any CPU
		{8B25CA13-5AB8-49CA-B575-0E79F12106B2}.Release|Any CPU.ActiveCfg = Release|Any CPU
		{8B25CA13-5AB8-49CA-B575-0E79F12106B2}.Release|Any CPU.Build.0 = Release|Any CPU
		{7B31E155-CF3E-4CED-8ED9-4A38C445BC52}.Debug|Any CPU.ActiveCfg = Debug|Any CPU
		{7B31E155-CF3E-4CED-8ED9-4A38C445BC52}.Debug|Any CPU.Build.0 = Debug|Any CPU
		{7B31E155-CF3E-4CED-8ED9-4A38C445BC52}.Release|Any CPU.ActiveCfg = Release|Any CPU
		{7B31E155-CF3E-4CED-8ED9-4A38C445BC52}.Release|Any CPU.Build.0 = Release|Any CPU
		{8904277A-35DF-4A2F-8410-A7824CCED7B0}.Debug|Any CPU.ActiveCfg = Debug|Any CPU
		{8904277A-35DF-4A2F-8410-A7824CCED7B0}.Debug|Any CPU.Build.0 = Debug|Any CPU
		{8904277A-35DF-4A2F-8410-A7824CCED7B0}.Release|Any CPU.ActiveCfg = Release|Any CPU
		{8904277A-35DF-4A2F-8410-A7824CCED7B0}.Release|Any CPU.Build.0 = Release|Any CPU
	EndGlobalSection
	GlobalSection(SolutionProperties) = preSolution
		HideSolutionNode = FALSE
	EndGlobalSection
	GlobalSection(ExtensibilityGlobals) = postSolution
		SolutionGuid = {B2077029-B815-49DD-B2A1-048DB1E82863}
	EndGlobalSection
EndGlobal
